
Microsoft Visual Studio Solution File, Format Version 12.00
# Visual Studio Version 16
VisualStudioVersion = 16.0.30225.117
MinimumVisualStudioVersion = 10.0.40219.1
Project("{FAE04EC0-301F-11D3-BF4B-00C04F79EFBC}") = "01_Cafe_Classes", "01_Cafe_Classes\01_Cafe_Classes.csproj", "{983B3B52-D840-48A9-A75F-7E3E64E96AA9}"
EndProject
Project("{FAE04EC0-301F-11D3-BF4B-00C04F79EFBC}") = "01_Cafe_Console", "01_Cafe_Program\01_Cafe_Console.csproj", "{600B6A44-9C45-4513-84E5-796F35B447B3}"
EndProject
Project("{FAE04EC0-301F-11D3-BF4B-00C04F79EFBC}") = "01_Cafe_Unit_Test", "01_Cafe_Unit_Test\01_Cafe_Unit_Test.csproj", "{70319D67-13ED-4F9D-A54C-00DAD9557805}"
EndProject
Project("{FAE04EC0-301F-11D3-BF4B-00C04F79EFBC}") = "02_Claims_Classes", "02_Claims_Classes\02_Claims_Classes.csproj", "{12A11951-5D78-4DC2-8EE2-A7BF819E78A5}"
EndProject
Project("{FAE04EC0-301F-11D3-BF4B-00C04F79EFBC}") = "02_Claims_Unit_Test", "02_Claims_Unit_Test\02_Claims_Unit_Test.csproj", "{ECDAC255-C2AE-411B-9E16-3127AFC23A17}"
EndProject
Project("{FAE04EC0-301F-11D3-BF4B-00C04F79EFBC}") = "02_Claims_Console", "02_Claims_Console\02_Claims_Console.csproj", "{4C6FE373-8DCC-42D7-83BF-EC79CB934242}"
EndProject
Global
	GlobalSection(SolutionConfigurationPlatforms) = preSolution
		Debug|Any CPU = Debug|Any CPU
		Release|Any CPU = Release|Any CPU
	EndGlobalSection
	GlobalSection(ProjectConfigurationPlatforms) = postSolution
		{983B3B52-D840-48A9-A75F-7E3E64E96AA9}.Debug|Any CPU.ActiveCfg = Debug|Any CPU
		{983B3B52-D840-48A9-A75F-7E3E64E96AA9}.Debug|Any CPU.Build.0 = Debug|Any CPU
		{983B3B52-D840-48A9-A75F-7E3E64E96AA9}.Release|Any CPU.ActiveCfg = Release|Any CPU
		{983B3B52-D840-48A9-A75F-7E3E64E96AA9}.Release|Any CPU.Build.0 = Release|Any CPU
		{600B6A44-9C45-4513-84E5-796F35B447B3}.Debug|Any CPU.ActiveCfg = Debug|Any CPU
		{600B6A44-9C45-4513-84E5-796F35B447B3}.Debug|Any CPU.Build.0 = Debug|Any CPU
		{600B6A44-9C45-4513-84E5-796F35B447B3}.Release|Any CPU.ActiveCfg = Release|Any CPU
		{600B6A44-9C45-4513-84E5-796F35B447B3}.Release|Any CPU.Build.0 = Release|Any CPU
		{70319D67-13ED-4F9D-A54C-00DAD9557805}.Debug|Any CPU.ActiveCfg = Debug|Any CPU
		{70319D67-13ED-4F9D-A54C-00DAD9557805}.Debug|Any CPU.Build.0 = Debug|Any CPU
		{70319D67-13ED-4F9D-A54C-00DAD9557805}.Release|Any CPU.ActiveCfg = Release|Any CPU
		{70319D67-13ED-4F9D-A54C-00DAD9557805}.Release|Any CPU.Build.0 = Release|Any CPU
		{12A11951-5D78-4DC2-8EE2-A7BF819E78A5}.Debug|Any CPU.ActiveCfg = Debug|Any CPU
		{12A11951-5D78-4DC2-8EE2-A7BF819E78A5}.Debug|Any CPU.Build.0 = Debug|Any CPU
		{12A11951-5D78-4DC2-8EE2-A7BF819E78A5}.Release|Any CPU.ActiveCfg = Release|Any CPU
		{12A11951-5D78-4DC2-8EE2-A7BF819E78A5}.Release|Any CPU.Build.0 = Release|Any CPU
		{ECDAC255-C2AE-411B-9E16-3127AFC23A17}.Debug|Any CPU.ActiveCfg = Debug|Any CPU
		{ECDAC255-C2AE-411B-9E16-3127AFC23A17}.Debug|Any CPU.Build.0 = Debug|Any CPU
		{ECDAC255-C2AE-411B-9E16-3127AFC23A17}.Release|Any CPU.ActiveCfg = Release|Any CPU
		{ECDAC255-C2AE-411B-9E16-3127AFC23A17}.Release|Any CPU.Build.0 = Release|Any CPU
		{4C6FE373-8DCC-42D7-83BF-EC79CB934242}.Debug|Any CPU.ActiveCfg = Debug|Any CPU
		{4C6FE373-8DCC-42D7-83BF-EC79CB934242}.Debug|Any CPU.Build.0 = Debug|Any CPU
		{4C6FE373-8DCC-42D7-83BF-EC79CB934242}.Release|Any CPU.ActiveCfg = Release|Any CPU
		{4C6FE373-8DCC-42D7-83BF-EC79CB934242}.Release|Any CPU.Build.0 = Release|Any CPU
	EndGlobalSection
	GlobalSection(SolutionProperties) = preSolution
		HideSolutionNode = FALSE
	EndGlobalSection
	GlobalSection(ExtensibilityGlobals) = postSolution
		SolutionGuid = {9ED670C5-2F65-498B-8D78-80B04DFBABD2}
	EndGlobalSection
EndGlobal
