
Microsoft Visual Studio Solution File, Format Version 12.00
# Visual Studio Version 16
VisualStudioVersion = 16.0.30225.117
MinimumVisualStudioVersion = 10.0.40219.1
Project("{FAE04EC0-301F-11D3-BF4B-00C04F79EFBC}") = "01_Cafe_Classes", "01_Cafe_Classes\01_Cafe_Classes.csproj", "{983B3B52-D840-48A9-A75F-7E3E64E96AA9}"
EndProject
Project("{FAE04EC0-301F-11D3-BF4B-00C04F79EFBC}") = "02_Claims_Classes", "02_Claims_Classes\02_Claims_Classes.csproj", "{12A11951-5D78-4DC2-8EE2-A7BF819E78A5}"
EndProject
Project("{FAE04EC0-301F-11D3-BF4B-00C04F79EFBC}") = "03_Badge_Classes", "03_Badge_Classes\03_Badge_Classes.csproj", "{71144511-1F12-4870-ACE2-DB6EA9E86D1B}"
EndProject
Project("{FAE04EC0-301F-11D3-BF4B-00C04F79EFBC}") = "03_Badges_UnitTest", "03_Badges_UnitTest\03_Badges_UnitTest.csproj", "{647B6D98-452A-4CED-B7F1-03CD0C47F4A0}"
EndProject
Project("{FAE04EC0-301F-11D3-BF4B-00C04F79EFBC}") = "01_Cafe_Console", "01_Cafe_Console\01_Cafe_Console.csproj", "{A8B31A7A-8BA6-4411-BF16-87ACBF9104BB}"
EndProject
Project("{FAE04EC0-301F-11D3-BF4B-00C04F79EFBC}") = "01_Cafe_UnitTest", "01_Cafe_UnitTest\01_Cafe_UnitTest.csproj", "{620314EC-9A38-42AF-A72B-06A62A3933C7}"
EndProject
Project("{FAE04EC0-301F-11D3-BF4B-00C04F79EFBC}") = "02_Claims_Console", "02_Claims_Console\02_Claims_Console.csproj", "{785013A4-397B-410F-A1CA-6D9206FFCFC1}"
EndProject
Project("{FAE04EC0-301F-11D3-BF4B-00C04F79EFBC}") = "02_Claims_UnitTest", "02_Claims_UnitTest\02_Claims_UnitTest.csproj", "{9953DC0A-4CF5-47C9-B5F9-50D1740058C0}"
EndProject
Project("{FAE04EC0-301F-11D3-BF4B-00C04F79EFBC}") = "03_Badge_Console", "03_Badge_Console_Again\03_Badge_Console.csproj", "{F614030F-C8CE-42CA-B606-1D673234FF53}"
EndProject
Project("{FAE04EC0-301F-11D3-BF4B-00C04F79EFBC}") = "04_Outing_Classes", "04_CompanyClasses\04_Outing_Classes.csproj", "{77DE27C3-8F2C-489C-9F8B-CF59B8C4DB37}"
EndProject
Project("{FAE04EC0-301F-11D3-BF4B-00C04F79EFBC}") = "04_Outing_Console", "04_Company_Console\04_Outing_Console.csproj", "{673A2C9E-2FEC-4FEE-8DAA-035D03DE6131}"
EndProject
Project("{FAE04EC0-301F-11D3-BF4B-00C04F79EFBC}") = "04_Outing_Unit_Tests", "04_Outing_Unit_Tests\04_Outing_Unit_Tests.csproj", "{C5364901-B0E9-4D57-95A8-820D3EDD5F9F}"
EndProject
Global
	GlobalSection(SolutionConfigurationPlatforms) = preSolution
		Debug|Any CPU = Debug|Any CPU
		Release|Any CPU = Release|Any CPU
	EndGlobalSection
	GlobalSection(ProjectConfigurationPlatforms) = postSolution
		{983B3B52-D840-48A9-A75F-7E3E64E96AA9}.Debug|Any CPU.ActiveCfg = Debug|Any CPU
		{983B3B52-D840-48A9-A75F-7E3E64E96AA9}.Debug|Any CPU.Build.0 = Debug|Any CPU
		{983B3B52-D840-48A9-A75F-7E3E64E96AA9}.Release|Any CPU.ActiveCfg = Release|Any CPU
		{983B3B52-D840-48A9-A75F-7E3E64E96AA9}.Release|Any CPU.Build.0 = Release|Any CPU
		{12A11951-5D78-4DC2-8EE2-A7BF819E78A5}.Debug|Any CPU.ActiveCfg = Debug|Any CPU
		{12A11951-5D78-4DC2-8EE2-A7BF819E78A5}.Debug|Any CPU.Build.0 = Debug|Any CPU
		{12A11951-5D78-4DC2-8EE2-A7BF819E78A5}.Release|Any CPU.ActiveCfg = Release|Any CPU
		{12A11951-5D78-4DC2-8EE2-A7BF819E78A5}.Release|Any CPU.Build.0 = Release|Any CPU
		{71144511-1F12-4870-ACE2-DB6EA9E86D1B}.Debug|Any CPU.ActiveCfg = Debug|Any CPU
		{71144511-1F12-4870-ACE2-DB6EA9E86D1B}.Debug|Any CPU.Build.0 = Debug|Any CPU
		{71144511-1F12-4870-ACE2-DB6EA9E86D1B}.Release|Any CPU.ActiveCfg = Release|Any CPU
		{71144511-1F12-4870-ACE2-DB6EA9E86D1B}.Release|Any CPU.Build.0 = Release|Any CPU
		{647B6D98-452A-4CED-B7F1-03CD0C47F4A0}.Debug|Any CPU.ActiveCfg = Debug|Any CPU
		{647B6D98-452A-4CED-B7F1-03CD0C47F4A0}.Debug|Any CPU.Build.0 = Debug|Any CPU
		{647B6D98-452A-4CED-B7F1-03CD0C47F4A0}.Release|Any CPU.ActiveCfg = Release|Any CPU
		{647B6D98-452A-4CED-B7F1-03CD0C47F4A0}.Release|Any CPU.Build.0 = Release|Any CPU
		{A8B31A7A-8BA6-4411-BF16-87ACBF9104BB}.Debug|Any CPU.ActiveCfg = Debug|Any CPU
		{A8B31A7A-8BA6-4411-BF16-87ACBF9104BB}.Debug|Any CPU.Build.0 = Debug|Any CPU
		{A8B31A7A-8BA6-4411-BF16-87ACBF9104BB}.Release|Any CPU.ActiveCfg = Release|Any CPU
		{A8B31A7A-8BA6-4411-BF16-87ACBF9104BB}.Release|Any CPU.Build.0 = Release|Any CPU
		{620314EC-9A38-42AF-A72B-06A62A3933C7}.Debug|Any CPU.ActiveCfg = Debug|Any CPU
		{620314EC-9A38-42AF-A72B-06A62A3933C7}.Debug|Any CPU.Build.0 = Debug|Any CPU
		{620314EC-9A38-42AF-A72B-06A62A3933C7}.Release|Any CPU.ActiveCfg = Release|Any CPU
		{620314EC-9A38-42AF-A72B-06A62A3933C7}.Release|Any CPU.Build.0 = Release|Any CPU
		{785013A4-397B-410F-A1CA-6D9206FFCFC1}.Debug|Any CPU.ActiveCfg = Debug|Any CPU
		{785013A4-397B-410F-A1CA-6D9206FFCFC1}.Debug|Any CPU.Build.0 = Debug|Any CPU
		{785013A4-397B-410F-A1CA-6D9206FFCFC1}.Release|Any CPU.ActiveCfg = Release|Any CPU
		{785013A4-397B-410F-A1CA-6D9206FFCFC1}.Release|Any CPU.Build.0 = Release|Any CPU
		{9953DC0A-4CF5-47C9-B5F9-50D1740058C0}.Debug|Any CPU.ActiveCfg = Debug|Any CPU
		{9953DC0A-4CF5-47C9-B5F9-50D1740058C0}.Debug|Any CPU.Build.0 = Debug|Any CPU
		{9953DC0A-4CF5-47C9-B5F9-50D1740058C0}.Release|Any CPU.ActiveCfg = Release|Any CPU
		{9953DC0A-4CF5-47C9-B5F9-50D1740058C0}.Release|Any CPU.Build.0 = Release|Any CPU
		{F614030F-C8CE-42CA-B606-1D673234FF53}.Debug|Any CPU.ActiveCfg = Debug|Any CPU
		{F614030F-C8CE-42CA-B606-1D673234FF53}.Debug|Any CPU.Build.0 = Debug|Any CPU
		{F614030F-C8CE-42CA-B606-1D673234FF53}.Release|Any CPU.ActiveCfg = Release|Any CPU
		{F614030F-C8CE-42CA-B606-1D673234FF53}.Release|Any CPU.Build.0 = Release|Any CPU
		{77DE27C3-8F2C-489C-9F8B-CF59B8C4DB37}.Debug|Any CPU.ActiveCfg = Debug|Any CPU
		{77DE27C3-8F2C-489C-9F8B-CF59B8C4DB37}.Debug|Any CPU.Build.0 = Debug|Any CPU
		{77DE27C3-8F2C-489C-9F8B-CF59B8C4DB37}.Release|Any CPU.ActiveCfg = Release|Any CPU
		{77DE27C3-8F2C-489C-9F8B-CF59B8C4DB37}.Release|Any CPU.Build.0 = Release|Any CPU
		{673A2C9E-2FEC-4FEE-8DAA-035D03DE6131}.Debug|Any CPU.ActiveCfg = Debug|Any CPU
		{673A2C9E-2FEC-4FEE-8DAA-035D03DE6131}.Debug|Any CPU.Build.0 = Debug|Any CPU
		{673A2C9E-2FEC-4FEE-8DAA-035D03DE6131}.Release|Any CPU.ActiveCfg = Release|Any CPU
		{673A2C9E-2FEC-4FEE-8DAA-035D03DE6131}.Release|Any CPU.Build.0 = Release|Any CPU
		{C5364901-B0E9-4D57-95A8-820D3EDD5F9F}.Debug|Any CPU.ActiveCfg = Debug|Any CPU
		{C5364901-B0E9-4D57-95A8-820D3EDD5F9F}.Debug|Any CPU.Build.0 = Debug|Any CPU
		{C5364901-B0E9-4D57-95A8-820D3EDD5F9F}.Release|Any CPU.ActiveCfg = Release|Any CPU
		{C5364901-B0E9-4D57-95A8-820D3EDD5F9F}.Release|Any CPU.Build.0 = Release|Any CPU
	EndGlobalSection
	GlobalSection(SolutionProperties) = preSolution
		HideSolutionNode = FALSE
	EndGlobalSection
	GlobalSection(ExtensibilityGlobals) = postSolution
		SolutionGuid = {9ED670C5-2F65-498B-8D78-80B04DFBABD2}
	EndGlobalSection
EndGlobal
